
Microsoft Visual Studio Solution File, Format Version 12.00
# Visual Studio 15
VisualStudioVersion = 15.0.27428.2005
MinimumVisualStudioVersion = 10.0.40219.1
Project("{9A19103F-16F7-4668-BE54-9A1E7A4F7556}") = "Demo.Identity", "Demo.Identity\Demo.Identity.csproj", "{EBCED127-9399-4D96-88F2-E4C79FF9CD4B}"
EndProject
Project("{9A19103F-16F7-4668-BE54-9A1E7A4F7556}") = "Demo.Chat", "Demo.Chat\Demo.Chat.csproj", "{8018DE06-6BA6-42EA-9B41-2BE6FCDCB416}"
EndProject
Global
	GlobalSection(SolutionConfigurationPlatforms) = preSolution
		Debug|Any CPU = Debug|Any CPU
		Release|Any CPU = Release|Any CPU
	EndGlobalSection
	GlobalSection(ProjectConfigurationPlatforms) = postSolution
		{EBCED127-9399-4D96-88F2-E4C79FF9CD4B}.Debug|Any CPU.ActiveCfg = Debug|Any CPU
		{EBCED127-9399-4D96-88F2-E4C79FF9CD4B}.Debug|Any CPU.Build.0 = Debug|Any CPU
		{EBCED127-9399-4D96-88F2-E4C79FF9CD4B}.Release|Any CPU.ActiveCfg = Release|Any CPU
		{EBCED127-9399-4D96-88F2-E4C79FF9CD4B}.Release|Any CPU.Build.0 = Release|Any CPU
		{8018DE06-6BA6-42EA-9B41-2BE6FCDCB416}.Debug|Any CPU.ActiveCfg = Debug|Any CPU
		{8018DE06-6BA6-42EA-9B41-2BE6FCDCB416}.Debug|Any CPU.Build.0 = Debug|Any CPU
		{8018DE06-6BA6-42EA-9B41-2BE6FCDCB416}.Release|Any CPU.ActiveCfg = Release|Any CPU
		{8018DE06-6BA6-42EA-9B41-2BE6FCDCB416}.Release|Any CPU.Build.0 = Release|Any CPU
	EndGlobalSection
	GlobalSection(SolutionProperties) = preSolution
		HideSolutionNode = FALSE
	EndGlobalSection
	GlobalSection(ExtensibilityGlobals) = postSolution
		SolutionGuid = {7B56CFAA-8267-495C-A5C9-ECEC05089EB1}
	EndGlobalSection
EndGlobal
